// !$*UTF8*$!
{
	archiveVersion = 1;
	classes = {
	};
	objectVersion = 56;
	objects = {

/* Begin PBXBuildFile section */
		BA802DFC2A285DAD00938B54 /* AppDelegate.swift in Sources */ = {isa = PBXBuildFile; fileRef = BA802DFB2A285DAD00938B54 /* AppDelegate.swift */; };
		BA802DFE2A285DAD00938B54 /* SceneDelegate.swift in Sources */ = {isa = PBXBuildFile; fileRef = BA802DFD2A285DAD00938B54 /* SceneDelegate.swift */; };
		BA802E052A285DAF00938B54 /* Assets.xcassets in Resources */ = {isa = PBXBuildFile; fileRef = BA802E042A285DAF00938B54 /* Assets.xcassets */; };
		BA802E082A285DAF00938B54 /* LaunchScreen.storyboard in Resources */ = {isa = PBXBuildFile; fileRef = BA802E062A285DAF00938B54 /* LaunchScreen.storyboard */; };
		BA802E1A2A285EB300938B54 /* TracksTableViewController.swift in Sources */ = {isa = PBXBuildFile; fileRef = BA802E192A285EB300938B54 /* TracksTableViewController.swift */; };
		BA802E1C2A285ED900938B54 /* TrackTableViewCell.swift in Sources */ = {isa = PBXBuildFile; fileRef = BA802E1B2A285ED900938B54 /* TrackTableViewCell.swift */; };
		BA802E1E2A285EE700938B54 /* Track.swift in Sources */ = {isa = PBXBuildFile; fileRef = BA802E1D2A285EE700938B54 /* Track.swift */; };
		BA802E212A2869C400938B54 /* Tracks.xcassets in Resources */ = {isa = PBXBuildFile; fileRef = BA802E202A2869C300938B54 /* Tracks.xcassets */; };
		BA802E272A2869F700938B54 /* Track4.mp3 in Resources */ = {isa = PBXBuildFile; fileRef = BA802E222A2869F700938B54 /* Track4.mp3 */; };
		BA802E282A2869F700938B54 /* Track2.mp3 in Resources */ = {isa = PBXBuildFile; fileRef = BA802E232A2869F700938B54 /* Track2.mp3 */; };
		BA802E292A2869F700938B54 /* Track1.mp3 in Resources */ = {isa = PBXBuildFile; fileRef = BA802E242A2869F700938B54 /* Track1.mp3 */; };
		BA802E2A2A2869F700938B54 /* Track5.mp3 in Resources */ = {isa = PBXBuildFile; fileRef = BA802E252A2869F700938B54 /* Track5.mp3 */; };
		BA802E2B2A2869F700938B54 /* Track3.mp3 in Resources */ = {isa = PBXBuildFile; fileRef = BA802E262A2869F700938B54 /* Track3.mp3 */; };
		BA802E2D2A286F9800938B54 /* PlayingViewController.swift in Sources */ = {isa = PBXBuildFile; fileRef = BA802E2C2A286F9800938B54 /* PlayingViewController.swift */; };
		BA802E2F2A28711500938B54 /* PlayingView.swift in Sources */ = {isa = PBXBuildFile; fileRef = BA802E2E2A28711500938B54 /* PlayingView.swift */; };
		BA802E322A28738500938B54 /* UIButton+.swift in Sources */ = {isa = PBXBuildFile; fileRef = BA802E312A28738500938B54 /* UIButton+.swift */; };
		BA802E342A287A4500938B54 /* UIView+.swift in Sources */ = {isa = PBXBuildFile; fileRef = BA802E332A287A4500938B54 /* UIView+.swift */; };
		BA802E362A287E2300938B54 /* TrackParameters.swift in Sources */ = {isa = PBXBuildFile; fileRef = BA802E352A287E2300938B54 /* TrackParameters.swift */; };
		BA802E382A28842900938B54 /* PlayingViewControllerDelegate.swift in Sources */ = {isa = PBXBuildFile; fileRef = BA802E372A28842900938B54 /* PlayingViewControllerDelegate.swift */; };
/* End PBXBuildFile section */

/* Begin PBXFileReference section */
		BA802DF82A285DAD00938B54 /* SurfIT Test Task.app */ = {isa = PBXFileReference; explicitFileType = wrapper.application; includeInIndex = 0; path = "SurfIT Test Task.app"; sourceTree = BUILT_PRODUCTS_DIR; };
		BA802DFB2A285DAD00938B54 /* AppDelegate.swift */ = {isa = PBXFileReference; lastKnownFileType = sourcecode.swift; path = AppDelegate.swift; sourceTree = "<group>"; };
		BA802DFD2A285DAD00938B54 /* SceneDelegate.swift */ = {isa = PBXFileReference; lastKnownFileType = sourcecode.swift; path = SceneDelegate.swift; sourceTree = "<group>"; };
		BA802E042A285DAF00938B54 /* Assets.xcassets */ = {isa = PBXFileReference; lastKnownFileType = folder.assetcatalog; path = Assets.xcassets; sourceTree = "<group>"; };
		BA802E072A285DAF00938B54 /* Base */ = {isa = PBXFileReference; lastKnownFileType = file.storyboard; name = Base; path = Base.lproj/LaunchScreen.storyboard; sourceTree = "<group>"; };
		BA802E092A285DAF00938B54 /* Info.plist */ = {isa = PBXFileReference; lastKnownFileType = text.plist.xml; path = Info.plist; sourceTree = "<group>"; };
		BA802E192A285EB300938B54 /* TracksTableViewController.swift */ = {isa = PBXFileReference; lastKnownFileType = sourcecode.swift; path = TracksTableViewController.swift; sourceTree = "<group>"; };
		BA802E1B2A285ED900938B54 /* TrackTableViewCell.swift */ = {isa = PBXFileReference; lastKnownFileType = sourcecode.swift; path = TrackTableViewCell.swift; sourceTree = "<group>"; };
		BA802E1D2A285EE700938B54 /* Track.swift */ = {isa = PBXFileReference; lastKnownFileType = sourcecode.swift; path = Track.swift; sourceTree = "<group>"; };
		BA802E202A2869C300938B54 /* Tracks.xcassets */ = {isa = PBXFileReference; lastKnownFileType = folder.assetcatalog; path = Tracks.xcassets; sourceTree = "<group>"; };
		BA802E222A2869F700938B54 /* Track4.mp3 */ = {isa = PBXFileReference; lastKnownFileType = audio.mp3; path = Track4.mp3; sourceTree = "<group>"; };
		BA802E232A2869F700938B54 /* Track2.mp3 */ = {isa = PBXFileReference; lastKnownFileType = audio.mp3; path = Track2.mp3; sourceTree = "<group>"; };
		BA802E242A2869F700938B54 /* Track1.mp3 */ = {isa = PBXFileReference; lastKnownFileType = audio.mp3; path = Track1.mp3; sourceTree = "<group>"; };
		BA802E252A2869F700938B54 /* Track5.mp3 */ = {isa = PBXFileReference; lastKnownFileType = audio.mp3; path = Track5.mp3; sourceTree = "<group>"; };
		BA802E262A2869F700938B54 /* Track3.mp3 */ = {isa = PBXFileReference; lastKnownFileType = audio.mp3; path = Track3.mp3; sourceTree = "<group>"; };
		BA802E2C2A286F9800938B54 /* PlayingViewController.swift */ = {isa = PBXFileReference; lastKnownFileType = sourcecode.swift; path = PlayingViewController.swift; sourceTree = "<group>"; };
		BA802E2E2A28711500938B54 /* PlayingView.swift */ = {isa = PBXFileReference; lastKnownFileType = sourcecode.swift; path = PlayingView.swift; sourceTree = "<group>"; };
		BA802E312A28738500938B54 /* UIButton+.swift */ = {isa = PBXFileReference; lastKnownFileType = sourcecode.swift; path = "UIButton+.swift"; sourceTree = "<group>"; };
		BA802E332A287A4500938B54 /* UIView+.swift */ = {isa = PBXFileReference; lastKnownFileType = sourcecode.swift; path = "UIView+.swift"; sourceTree = "<group>"; };
		BA802E352A287E2300938B54 /* TrackParameters.swift */ = {isa = PBXFileReference; lastKnownFileType = sourcecode.swift; path = TrackParameters.swift; sourceTree = "<group>"; };
		BA802E372A28842900938B54 /* PlayingViewControllerDelegate.swift */ = {isa = PBXFileReference; lastKnownFileType = sourcecode.swift; path = PlayingViewControllerDelegate.swift; sourceTree = "<group>"; };
/* End PBXFileReference section */

/* Begin PBXFrameworksBuildPhase section */
		BA802DF52A285DAD00938B54 /* Frameworks */ = {
			isa = PBXFrameworksBuildPhase;
			buildActionMask = 2147483647;
			files = (
			);
			runOnlyForDeploymentPostprocessing = 0;
		};
/* End PBXFrameworksBuildPhase section */

/* Begin PBXGroup section */
		BA802DEF2A285DAD00938B54 = {
			isa = PBXGroup;
			children = (
				BA802DFA2A285DAD00938B54 /* SurfIT Test Task */,
				BA802DF92A285DAD00938B54 /* Products */,
			);
			sourceTree = "<group>";
		};
		BA802DF92A285DAD00938B54 /* Products */ = {
			isa = PBXGroup;
			children = (
				BA802DF82A285DAD00938B54 /* SurfIT Test Task.app */,
			);
			name = Products;
			sourceTree = "<group>";
		};
		BA802DFA2A285DAD00938B54 /* SurfIT Test Task */ = {
			isa = PBXGroup;
			children = (
				BA802E302A28737900938B54 /* Extensions */,
				BA802E0F2A285E2300938B54 /* Modules */,
				BA802DFB2A285DAD00938B54 /* AppDelegate.swift */,
				BA802DFD2A285DAD00938B54 /* SceneDelegate.swift */,
				BA802E042A285DAF00938B54 /* Assets.xcassets */,
				BA802E062A285DAF00938B54 /* LaunchScreen.storyboard */,
				BA802E092A285DAF00938B54 /* Info.plist */,
				BA802E202A2869C300938B54 /* Tracks.xcassets */,
				BA802E242A2869F700938B54 /* Track1.mp3 */,
				BA802E232A2869F700938B54 /* Track2.mp3 */,
				BA802E262A2869F700938B54 /* Track3.mp3 */,
				BA802E222A2869F700938B54 /* Track4.mp3 */,
				BA802E252A2869F700938B54 /* Track5.mp3 */,
			);
			path = "SurfIT Test Task";
			sourceTree = "<group>";
		};
		BA802E0F2A285E2300938B54 /* Modules */ = {
			isa = PBXGroup;
			children = (
				BA802E112A285E4000938B54 /* PlayingModule */,
				BA802E102A285E2D00938B54 /* TracksTableModule */,
			);
			path = Modules;
			sourceTree = "<group>";
		};
		BA802E102A285E2D00938B54 /* TracksTableModule */ = {
			isa = PBXGroup;
			children = (
				BA802E142A285E6000938B54 /* Controller */,
				BA802E132A285E5A00938B54 /* View */,
				BA802E122A285E5400938B54 /* Model */,
			);
			path = TracksTableModule;
			sourceTree = "<group>";
		};
		BA802E112A285E4000938B54 /* PlayingModule */ = {
			isa = PBXGroup;
			children = (
				BA802E182A285E8500938B54 /* Controller */,
				BA802E162A285E7400938B54 /* View */,
				BA802E152A285E6A00938B54 /* Model */,
			);
			path = PlayingModule;
			sourceTree = "<group>";
		};
		BA802E122A285E5400938B54 /* Model */ = {
			isa = PBXGroup;
			children = (
				BA802E1D2A285EE700938B54 /* Track.swift */,
			);
			path = Model;
			sourceTree = "<group>";
		};
		BA802E132A285E5A00938B54 /* View */ = {
			isa = PBXGroup;
			children = (
				BA802E1B2A285ED900938B54 /* TrackTableViewCell.swift */,
			);
			path = View;
			sourceTree = "<group>";
		};
		BA802E142A285E6000938B54 /* Controller */ = {
			isa = PBXGroup;
			children = (
				BA802E192A285EB300938B54 /* TracksTableViewController.swift */,
			);
			path = Controller;
			sourceTree = "<group>";
		};
		BA802E152A285E6A00938B54 /* Model */ = {
			isa = PBXGroup;
			children = (
				BA802E352A287E2300938B54 /* TrackParameters.swift */,
			);
			path = Model;
			sourceTree = "<group>";
		};
		BA802E162A285E7400938B54 /* View */ = {
			isa = PBXGroup;
			children = (
				BA802E2E2A28711500938B54 /* PlayingView.swift */,
			);
			path = View;
			sourceTree = "<group>";
		};
		BA802E182A285E8500938B54 /* Controller */ = {
			isa = PBXGroup;
			children = (
				BA802E2C2A286F9800938B54 /* PlayingViewController.swift */,
				BA802E372A28842900938B54 /* PlayingViewControllerDelegate.swift */,
			);
			path = Controller;
			sourceTree = "<group>";
		};
		BA802E302A28737900938B54 /* Extensions */ = {
			isa = PBXGroup;
			children = (
				BA802E312A28738500938B54 /* UIButton+.swift */,
				BA802E332A287A4500938B54 /* UIView+.swift */,
			);
			path = Extensions;
			sourceTree = "<group>";
		};
/* End PBXGroup section */

/* Begin PBXNativeTarget section */
		BA802DF72A285DAD00938B54 /* SurfIT Test Task */ = {
			isa = PBXNativeTarget;
			buildConfigurationList = BA802E0C2A285DAF00938B54 /* Build configuration list for PBXNativeTarget "SurfIT Test Task" */;
			buildPhases = (
				BA802DF42A285DAD00938B54 /* Sources */,
				BA802DF52A285DAD00938B54 /* Frameworks */,
				BA802DF62A285DAD00938B54 /* Resources */,
			);
			buildRules = (
			);
			dependencies = (
			);
			name = "SurfIT Test Task";
			productName = "SurfIT Test Task";
			productReference = BA802DF82A285DAD00938B54 /* SurfIT Test Task.app */;
			productType = "com.apple.product-type.application";
		};
/* End PBXNativeTarget section */

/* Begin PBXProject section */
		BA802DF02A285DAD00938B54 /* Project object */ = {
			isa = PBXProject;
			attributes = {
				BuildIndependentTargetsInParallel = 1;
				LastSwiftUpdateCheck = 1400;
				LastUpgradeCheck = 1400;
				TargetAttributes = {
					BA802DF72A285DAD00938B54 = {
						CreatedOnToolsVersion = 14.0;
					};
				};
			};
			buildConfigurationList = BA802DF32A285DAD00938B54 /* Build configuration list for PBXProject "SurfIT Test Task" */;
			compatibilityVersion = "Xcode 14.0";
			developmentRegion = en;
			hasScannedForEncodings = 0;
			knownRegions = (
				en,
				Base,
			);
			mainGroup = BA802DEF2A285DAD00938B54;
			productRefGroup = BA802DF92A285DAD00938B54 /* Products */;
			projectDirPath = "";
			projectRoot = "";
			targets = (
				BA802DF72A285DAD00938B54 /* SurfIT Test Task */,
			);
		};
/* End PBXProject section */

/* Begin PBXResourcesBuildPhase section */
		BA802DF62A285DAD00938B54 /* Resources */ = {
			isa = PBXResourcesBuildPhase;
			buildActionMask = 2147483647;
			files = (
				BA802E272A2869F700938B54 /* Track4.mp3 in Resources */,
				BA802E082A285DAF00938B54 /* LaunchScreen.storyboard in Resources */,
				BA802E292A2869F700938B54 /* Track1.mp3 in Resources */,
				BA802E2B2A2869F700938B54 /* Track3.mp3 in Resources */,
				BA802E212A2869C400938B54 /* Tracks.xcassets in Resources */,
				BA802E052A285DAF00938B54 /* Assets.xcassets in Resources */,
				BA802E2A2A2869F700938B54 /* Track5.mp3 in Resources */,
				BA802E282A2869F700938B54 /* Track2.mp3 in Resources */,
			);
			runOnlyForDeploymentPostprocessing = 0;
		};
/* End PBXResourcesBuildPhase section */

/* Begin PBXSourcesBuildPhase section */
		BA802DF42A285DAD00938B54 /* Sources */ = {
			isa = PBXSourcesBuildPhase;
			buildActionMask = 2147483647;
			files = (
				BA802E1C2A285ED900938B54 /* TrackTableViewCell.swift in Sources */,
				BA802E1A2A285EB300938B54 /* TracksTableViewController.swift in Sources */,
				BA802E2F2A28711500938B54 /* PlayingView.swift in Sources */,
				BA802E342A287A4500938B54 /* UIView+.swift in Sources */,
				BA802E322A28738500938B54 /* UIButton+.swift in Sources */,
				BA802E1E2A285EE700938B54 /* Track.swift in Sources */,
				BA802DFC2A285DAD00938B54 /* AppDelegate.swift in Sources */,
				BA802DFE2A285DAD00938B54 /* SceneDelegate.swift in Sources */,
				BA802E362A287E2300938B54 /* TrackParameters.swift in Sources */,
				BA802E382A28842900938B54 /* PlayingViewControllerDelegate.swift in Sources */,
				BA802E2D2A286F9800938B54 /* PlayingViewController.swift in Sources */,
			);
			runOnlyForDeploymentPostprocessing = 0;
		};
/* End PBXSourcesBuildPhase section */

/* Begin PBXVariantGroup section */
		BA802E062A285DAF00938B54 /* LaunchScreen.storyboard */ = {
			isa = PBXVariantGroup;
			children = (
				BA802E072A285DAF00938B54 /* Base */,
			);
			name = LaunchScreen.storyboard;
			sourceTree = "<group>";
		};
/* End PBXVariantGroup section */

/* Begin XCBuildConfiguration section */
		BA802E0A2A285DAF00938B54 /* Debug */ = {
			isa = XCBuildConfiguration;
			buildSettings = {
				ALWAYS_SEARCH_USER_PATHS = NO;
				CLANG_ANALYZER_NONNULL = YES;
				CLANG_ANALYZER_NUMBER_OBJECT_CONVERSION = YES_AGGRESSIVE;
				CLANG_CXX_LANGUAGE_STANDARD = "gnu++20";
				CLANG_ENABLE_MODULES = YES;
				CLANG_ENABLE_OBJC_ARC = YES;
				CLANG_ENABLE_OBJC_WEAK = YES;
				CLANG_WARN_BLOCK_CAPTURE_AUTORELEASING = YES;
				CLANG_WARN_BOOL_CONVERSION = YES;
				CLANG_WARN_COMMA = YES;
				CLANG_WARN_CONSTANT_CONVERSION = YES;
				CLANG_WARN_DEPRECATED_OBJC_IMPLEMENTATIONS = YES;
				CLANG_WARN_DIRECT_OBJC_ISA_USAGE = YES_ERROR;
				CLANG_WARN_DOCUMENTATION_COMMENTS = YES;
				CLANG_WARN_EMPTY_BODY = YES;
				CLANG_WARN_ENUM_CONVERSION = YES;
				CLANG_WARN_INFINITE_RECURSION = YES;
				CLANG_WARN_INT_CONVERSION = YES;
				CLANG_WARN_NON_LITERAL_NULL_CONVERSION = YES;
				CLANG_WARN_OBJC_IMPLICIT_RETAIN_SELF = YES;
				CLANG_WARN_OBJC_LITERAL_CONVERSION = YES;
				CLANG_WARN_OBJC_ROOT_CLASS = YES_ERROR;
				CLANG_WARN_QUOTED_INCLUDE_IN_FRAMEWORK_HEADER = YES;
				CLANG_WARN_RANGE_LOOP_ANALYSIS = YES;
				CLANG_WARN_STRICT_PROTOTYPES = YES;
				CLANG_WARN_SUSPICIOUS_MOVE = YES;
				CLANG_WARN_UNGUARDED_AVAILABILITY = YES_AGGRESSIVE;
				CLANG_WARN_UNREACHABLE_CODE = YES;
				CLANG_WARN__DUPLICATE_METHOD_MATCH = YES;
				COPY_PHASE_STRIP = NO;
				DEBUG_INFORMATION_FORMAT = dwarf;
				ENABLE_STRICT_OBJC_MSGSEND = YES;
				ENABLE_TESTABILITY = YES;
				GCC_C_LANGUAGE_STANDARD = gnu11;
				GCC_DYNAMIC_NO_PIC = NO;
				GCC_NO_COMMON_BLOCKS = YES;
				GCC_OPTIMIZATION_LEVEL = 0;
				GCC_PREPROCESSOR_DEFINITIONS = (
					"DEBUG=1",
					"$(inherited)",
				);
				GCC_WARN_64_TO_32_BIT_CONVERSION = YES;
				GCC_WARN_ABOUT_RETURN_TYPE = YES_ERROR;
				GCC_WARN_UNDECLARED_SELECTOR = YES;
				GCC_WARN_UNINITIALIZED_AUTOS = YES_AGGRESSIVE;
				GCC_WARN_UNUSED_FUNCTION = YES;
				GCC_WARN_UNUSED_VARIABLE = YES;
				IPHONEOS_DEPLOYMENT_TARGET = 16.0;
				MTL_ENABLE_DEBUG_INFO = INCLUDE_SOURCE;
				MTL_FAST_MATH = YES;
				ONLY_ACTIVE_ARCH = YES;
				SDKROOT = iphoneos;
				SWIFT_ACTIVE_COMPILATION_CONDITIONS = DEBUG;
				SWIFT_OPTIMIZATION_LEVEL = "-Onone";
			};
			name = Debug;
		};
		BA802E0B2A285DAF00938B54 /* Release */ = {
			isa = XCBuildConfiguration;
			buildSettings = {
				ALWAYS_SEARCH_USER_PATHS = NO;
				CLANG_ANALYZER_NONNULL = YES;
				CLANG_ANALYZER_NUMBER_OBJECT_CONVERSION = YES_AGGRESSIVE;
				CLANG_CXX_LANGUAGE_STANDARD = "gnu++20";
				CLANG_ENABLE_MODULES = YES;
				CLANG_ENABLE_OBJC_ARC = YES;
				CLANG_ENABLE_OBJC_WEAK = YES;
				CLANG_WARN_BLOCK_CAPTURE_AUTORELEASING = YES;
				CLANG_WARN_BOOL_CONVERSION = YES;
				CLANG_WARN_COMMA = YES;
				CLANG_WARN_CONSTANT_CONVERSION = YES;
				CLANG_WARN_DEPRECATED_OBJC_IMPLEMENTATIONS = YES;
				CLANG_WARN_DIRECT_OBJC_ISA_USAGE = YES_ERROR;
				CLANG_WARN_DOCUMENTATION_COMMENTS = YES;
				CLANG_WARN_EMPTY_BODY = YES;
				CLANG_WARN_ENUM_CONVERSION = YES;
				CLANG_WARN_INFINITE_RECURSION = YES;
				CLANG_WARN_INT_CONVERSION = YES;
				CLANG_WARN_NON_LITERAL_NULL_CONVERSION = YES;
				CLANG_WARN_OBJC_IMPLICIT_RETAIN_SELF = YES;
				CLANG_WARN_OBJC_LITERAL_CONVERSION = YES;
				CLANG_WARN_OBJC_ROOT_CLASS = YES_ERROR;
				CLANG_WARN_QUOTED_INCLUDE_IN_FRAMEWORK_HEADER = YES;
				CLANG_WARN_RANGE_LOOP_ANALYSIS = YES;
				CLANG_WARN_STRICT_PROTOTYPES = YES;
				CLANG_WARN_SUSPICIOUS_MOVE = YES;
				CLANG_WARN_UNGUARDED_AVAILABILITY = YES_AGGRESSIVE;
				CLANG_WARN_UNREACHABLE_CODE = YES;
				CLANG_WARN__DUPLICATE_METHOD_MATCH = YES;
				COPY_PHASE_STRIP = NO;
				DEBUG_INFORMATION_FORMAT = "dwarf-with-dsym";
				ENABLE_NS_ASSERTIONS = NO;
				ENABLE_STRICT_OBJC_MSGSEND = YES;
				GCC_C_LANGUAGE_STANDARD = gnu11;
				GCC_NO_COMMON_BLOCKS = YES;
				GCC_WARN_64_TO_32_BIT_CONVERSION = YES;
				GCC_WARN_ABOUT_RETURN_TYPE = YES_ERROR;
				GCC_WARN_UNDECLARED_SELECTOR = YES;
				GCC_WARN_UNINITIALIZED_AUTOS = YES_AGGRESSIVE;
				GCC_WARN_UNUSED_FUNCTION = YES;
				GCC_WARN_UNUSED_VARIABLE = YES;
				IPHONEOS_DEPLOYMENT_TARGET = 16.0;
				MTL_ENABLE_DEBUG_INFO = NO;
				MTL_FAST_MATH = YES;
				SDKROOT = iphoneos;
				SWIFT_COMPILATION_MODE = wholemodule;
				SWIFT_OPTIMIZATION_LEVEL = "-O";
				VALIDATE_PRODUCT = YES;
			};
			name = Release;
		};
		BA802E0D2A285DAF00938B54 /* Debug */ = {
			isa = XCBuildConfiguration;
			buildSettings = {
				ASSETCATALOG_COMPILER_APPICON_NAME = AppIcon;
				ASSETCATALOG_COMPILER_GLOBAL_ACCENT_COLOR_NAME = AccentColor;
				CODE_SIGN_STYLE = Automatic;
				CURRENT_PROJECT_VERSION = 1;
				DEVELOPMENT_TEAM = WZJ4PAGW66;
				GENERATE_INFOPLIST_FILE = YES;
				INFOPLIST_FILE = "SurfIT Test Task/Info.plist";
				INFOPLIST_KEY_UIApplicationSupportsIndirectInputEvents = YES;
				INFOPLIST_KEY_UILaunchStoryboardName = LaunchScreen;
				INFOPLIST_KEY_UISupportedInterfaceOrientations_iPad = "UIInterfaceOrientationPortrait UIInterfaceOrientationPortraitUpsideDown UIInterfaceOrientationLandscapeLeft UIInterfaceOrientationLandscapeRight";
				INFOPLIST_KEY_UISupportedInterfaceOrientations_iPhone = "UIInterfaceOrientationPortrait UIInterfaceOrientationLandscapeLeft UIInterfaceOrientationLandscapeRight";
				LD_RUNPATH_SEARCH_PATHS = (
					"$(inherited)",
					"@executable_path/Frameworks",
				);
				MARKETING_VERSION = 1.0;
				PRODUCT_BUNDLE_IDENTIFIER = "DenisCompany.SurfIT-Test-Task";
				PRODUCT_NAME = "$(TARGET_NAME)";
				SWIFT_EMIT_LOC_STRINGS = YES;
				SWIFT_VERSION = 5.0;
				TARGETED_DEVICE_FAMILY = "1,2";
			};
			name = Debug;
		};
		BA802E0E2A285DAF00938B54 /* Release */ = {
			isa = XCBuildConfiguration;
			buildSettings = {
				ASSETCATALOG_COMPILER_APPICON_NAME = AppIcon;
				ASSETCATALOG_COMPILER_GLOBAL_ACCENT_COLOR_NAME = AccentColor;
				CODE_SIGN_STYLE = Automatic;
				CURRENT_PROJECT_VERSION = 1;
				DEVELOPMENT_TEAM = WZJ4PAGW66;
				GENERATE_INFOPLIST_FILE = YES;
				INFOPLIST_FILE = "SurfIT Test Task/Info.plist";
				INFOPLIST_KEY_UIApplicationSupportsIndirectInputEvents = YES;
				INFOPLIST_KEY_UILaunchStoryboardName = LaunchScreen;
				INFOPLIST_KEY_UISupportedInterfaceOrientations_iPad = "UIInterfaceOrientationPortrait UIInterfaceOrientationPortraitUpsideDown UIInterfaceOrientationLandscapeLeft UIInterfaceOrientationLandscapeRight";
				INFOPLIST_KEY_UISupportedInterfaceOrientations_iPhone = "UIInterfaceOrientationPortrait UIInterfaceOrientationLandscapeLeft UIInterfaceOrientationLandscapeRight";
				LD_RUNPATH_SEARCH_PATHS = (
					"$(inherited)",
					"@executable_path/Frameworks",
				);
				MARKETING_VERSION = 1.0;
				PRODUCT_BUNDLE_IDENTIFIER = "DenisCompany.SurfIT-Test-Task";
				PRODUCT_NAME = "$(TARGET_NAME)";
				SWIFT_EMIT_LOC_STRINGS = YES;
				SWIFT_VERSION = 5.0;
				TARGETED_DEVICE_FAMILY = "1,2";
			};
			name = Release;
		};
/* End XCBuildConfiguration section */

/* Begin XCConfigurationList section */
		BA802DF32A285DAD00938B54 /* Build configuration list for PBXProject "SurfIT Test Task" */ = {
			isa = XCConfigurationList;
			buildConfigurations = (
				BA802E0A2A285DAF00938B54 /* Debug */,
				BA802E0B2A285DAF00938B54 /* Release */,
			);
			defaultConfigurationIsVisible = 0;
			defaultConfigurationName = Release;
		};
		BA802E0C2A285DAF00938B54 /* Build configuration list for PBXNativeTarget "SurfIT Test Task" */ = {
			isa = XCConfigurationList;
			buildConfigurations = (
				BA802E0D2A285DAF00938B54 /* Debug */,
				BA802E0E2A285DAF00938B54 /* Release */,
			);
			defaultConfigurationIsVisible = 0;
			defaultConfigurationName = Release;
		};
/* End XCConfigurationList section */
	};
	rootObject = BA802DF02A285DAD00938B54 /* Project object */;
}
